
Microsoft Visual Studio Solution File, Format Version 12.00
# Visual Studio 15
VisualStudioVersion = 15.0.27703.2000
MinimumVisualStudioVersion = 10.0.40219.1
Project("{888888A0-9F3D-457C-B088-3A5042F75D52}") = "bottle2", "bottle2\bottle2.pyproj", "{72A5354D-602E-492E-BB1C-91BD5FF818E5}"
EndProject
Global
	GlobalSection(SolutionConfigurationPlatforms) = preSolution
		Debug|Any CPU = Debug|Any CPU
		Release|Any CPU = Release|Any CPU
	EndGlobalSection
	GlobalSection(ProjectConfigurationPlatforms) = postSolution
		{72A5354D-602E-492E-BB1C-91BD5FF818E5}.Debug|Any CPU.ActiveCfg = Debug|Any CPU
		{72A5354D-602E-492E-BB1C-91BD5FF818E5}.Debug|Any CPU.Build.0 = Debug|Any CPU
		{72A5354D-602E-492E-BB1C-91BD5FF818E5}.Release|Any CPU.ActiveCfg = Release|Any CPU
		{72A5354D-602E-492E-BB1C-91BD5FF818E5}.Release|Any CPU.Build.0 = Release|Any CPU
	EndGlobalSection
	GlobalSection(SolutionProperties) = preSolution
		HideSolutionNode = FALSE
	EndGlobalSection
	GlobalSection(ExtensibilityGlobals) = postSolution
		SolutionGuid = {513E2967-9433-4A77-B085-7E09AC1A706D}
	EndGlobalSection
EndGlobal
